
Microsoft Visual Studio Solution File, Format Version 12.00
# Visual Studio 15
VisualStudioVersion = 15.0.27130.2027
MinimumVisualStudioVersion = 10.0.40219.1
Project("{9A19103F-16F7-4668-BE54-9A1E7A4F7556}") = "Containers", "Containers\Containers.csproj", "{289E4CEE-2516-439B-8A47-C3DB7AA5FE2C}"
EndProject
Project("{FAE04EC0-301F-11D3-BF4B-00C04F79EFBC}") = "WpfApp1", "WpfApp1\WpfApp1.csproj", "{36115026-892B-4593-B4B3-104DDDCF8774}"
EndProject
Global
	GlobalSection(SolutionConfigurationPlatforms) = preSolution
		Debug|Any CPU = Debug|Any CPU
		Release|Any CPU = Release|Any CPU
	EndGlobalSection
	GlobalSection(ProjectConfigurationPlatforms) = postSolution
		{289E4CEE-2516-439B-8A47-C3DB7AA5FE2C}.Debug|Any CPU.ActiveCfg = Debug|Any CPU
		{289E4CEE-2516-439B-8A47-C3DB7AA5FE2C}.Debug|Any CPU.Build.0 = Debug|Any CPU
		{289E4CEE-2516-439B-8A47-C3DB7AA5FE2C}.Release|Any CPU.ActiveCfg = Release|Any CPU
		{289E4CEE-2516-439B-8A47-C3DB7AA5FE2C}.Release|Any CPU.Build.0 = Release|Any CPU
		{36115026-892B-4593-B4B3-104DDDCF8774}.Debug|Any CPU.ActiveCfg = Debug|Any CPU
		{36115026-892B-4593-B4B3-104DDDCF8774}.Debug|Any CPU.Build.0 = Debug|Any CPU
		{36115026-892B-4593-B4B3-104DDDCF8774}.Release|Any CPU.ActiveCfg = Release|Any CPU
		{36115026-892B-4593-B4B3-104DDDCF8774}.Release|Any CPU.Build.0 = Release|Any CPU
	EndGlobalSection
	GlobalSection(SolutionProperties) = preSolution
		HideSolutionNode = FALSE
	EndGlobalSection
	GlobalSection(ExtensibilityGlobals) = postSolution
		SolutionGuid = {C30056D2-DF50-4566-88DF-2EAB7F5D3704}
	EndGlobalSection
EndGlobal
